{
  "nodes": {
    "nixpkgs": {
      "locked": {
        "lastModified": 1603692207,
        "narHash": "sha256-2f1jZ0EO53FDt6QK7V9yMB2NdHrFwrafkujI9Z0iWFY=",
        "owner": "NixOS",
        "repo": "nixpkgs",
        "rev": "024e71ec02f608c8e58e60bd4e30a6ca31e01a33",
        "type": "github"
      },
      "original": {
        "id": "nixpkgs",
        "type": "indirect"
      }
    },
    "nvimCompletionNvim": {
      "flake": false,
      "locked": {
        "lastModified": 1603436229,
        "narHash": "sha256-TGvUk0LzGGc7FNha+wiHzBwBBvWWGpJqhLe6RUeoje4=",
        "owner": "nvim-lua",
        "repo": "completion-nvim",
        "rev": "3b6774ed1c1b4720efe3385f06883483f5e16884",
        "type": "github"
      },
      "original": {
        "owner": "nvim-lua",
        "repo": "completion-nvim",
        "type": "github"
      }
    },
    "nvimMonochrome": {
      "flake": false,
      "locked": {
        "lastModified": 1557300497,
        "narHash": "sha256-PLfZ9cMYsnFBl8tp8LW0QoeoJC1KbyE9OnFuXZrIFDc=",
        "owner": "fxn",
        "repo": "vim-monochrome",
        "rev": "34abe27b75e41aa9387bd4c4352340d3636248af",
        "type": "github"
      },
      "original": {
        "owner": "fxn",
        "repo": "vim-monochrome",
        "type": "github"
      }
    },
    "nvimPlenary": {
      "flake": false,
      "locked": {
        "lastModified": 1602965364,
        "narHash": "sha256-KikmwJDt3MSqc3ZhMVT1e6xzrkb8Io/IFAn9P+8jmYU=",
        "owner": "nvim-lua",
        "repo": "plenary.nvim",
        "rev": "c8287c3b08c325fc269e69005b2a2318185ce088",
        "type": "github"
      },
      "original": {
        "owner": "nvim-lua",
        "repo": "plenary.nvim",
        "type": "github"
      }
    },
    "nvimPopup": {
      "flake": false,
      "locked": {
        "lastModified": 1602175087,
        "narHash": "sha256-46zUfWOpD/1Vef5L5BRvPA7CEzMUk26SaJuHfC41vss=",
        "owner": "nvim-lua",
        "repo": "popup.nvim",
        "rev": "8f128cc7b2a1d759ce343ef92ea311526c6bbe13",
        "type": "github"
      },
      "original": {
        "owner": "nvim-lua",
        "repo": "popup.nvim",
        "type": "github"
      }
    },
    "nvimTelescope": {
      "flake": false,
      "locked": {
        "lastModified": 1603628349,
        "narHash": "sha256-kjYlhM8I8ZBlQdBLiaEVWMd6hpwFuU/9pQLdP9WSY5c=",
        "owner": "nvim-lua",
        "repo": "telescope.nvim",
        "rev": "113a516c63fb6e1ae1fb01173ed8fefdf450b08a",
        "type": "github"
      },
      "original": {
        "owner": "nvim-lua",
        "repo": "telescope.nvim",
        "type": "github"
      }
    },
    "nvimTreesitter": {
      "flake": false,
      "locked": {
        "lastModified": 1603804094,
        "narHash": "sha256-VqbT40IaH2EjmLVE5DP9GGhzO3WXib3fFdIZQpWkok8=",
        "owner": "nvim-treesitter",
        "repo": "nvim-treesitter",
        "rev": "d9454afd93b8396fb72ff15179b5c59df21713c3",
        "type": "github"
      },
      "original": {
        "owner": "nvim-treesitter",
        "repo": "nvim-treesitter",
        "type": "github"
      }
    },
    "nvimTreesitterTextobjects": {
      "flake": false,
      "locked": {
        "lastModified": 1602959760,
        "narHash": "sha256-E5ULYwHnBdZDeG22Niyb4lMQtZlBLksl+2I2n8BPpCA=",
        "owner": "nvim-treesitter",
        "repo": "nvim-treesitter-textobjects",
        "rev": "e32c598c234140bf4d28ce5509351eb63c92951e",
        "type": "github"
      },
      "original": {
        "owner": "nvim-treesitter",
        "repo": "nvim-treesitter-textobjects",
        "type": "github"
      }
    },
    "root": {
      "inputs": {
        "nixpkgs": "nixpkgs",
        "nvimCompletionNvim": "nvimCompletionNvim",
        "nvimMonochrome": "nvimMonochrome",
        "nvimPlenary": "nvimPlenary",
        "nvimPopup": "nvimPopup",
        "nvimTelescope": "nvimTelescope",
        "nvimTreesitter": "nvimTreesitter",
        "nvimTreesitterTextobjects": "nvimTreesitterTextobjects"
      }
    }
  },
  "root": "root",
  "version": 7
}
