{
  "nodes": {
    "awesomeFreedesktop": {
      "flake": false,
      "locked": {
        "lastModified": 1595707508,
        "narHash": "sha256-JByHFiXHFT/NoBn6pnYAjfua+0KO3CBIwPsZAnhmMWY=",
        "owner": "lcpz",
        "repo": "awesome-freedesktop",
        "rev": "b77dee0250599b2810efadf34f612f32c7ceb556",
        "type": "github"
      },
      "original": {
        "owner": "lcpz",
        "repo": "awesome-freedesktop",
        "type": "github"
      }
    },
    "awesomeLain": {
      "flake": false,
      "locked": {
        "lastModified": 1613729986,
        "narHash": "sha256-QEvvW6rX+p+Yqtc3R05wlXEzEkQbUQgfIo5pkBR4QVo=",
        "owner": "lcpz",
        "repo": "lain",
        "rev": "10076e1d69cabd9ac45b3576f06feafe1190d5e0",
        "type": "github"
      },
      "original": {
        "owner": "lcpz",
        "repo": "lain",
        "type": "github"
      }
    },
    "awesomeSharedtags": {
      "flake": false,
      "locked": {
        "lastModified": 1611997888,
        "narHash": "sha256-3cX1uNRgwXJPUKm4lOQPGKuzaRLOHOlqixsiwg/f+Tg=",
        "owner": "Drauthius",
        "repo": "awesome-sharedtags",
        "rev": "9cf8f90004f37d7987e2cd4d82b8456deed9ef85",
        "type": "github"
      },
      "original": {
        "owner": "Drauthius",
        "repo": "awesome-sharedtags",
        "type": "github"
      }
    },
    "nixpkgs": {
      "locked": {
        "lastModified": 1613984754,
        "narHash": "sha256-CGsiTsuRq0fWwWRzzn0a+MxO2EUJT3M3qt0/n9RUjMY=",
        "owner": "NixOS",
        "repo": "nixpkgs",
        "rev": "8377eef0274f7945be3b195ebb99398309a55826",
        "type": "github"
      },
      "original": {
        "id": "nixpkgs",
        "type": "indirect"
      }
    },
    "nvimColorbuddyNvim": {
      "flake": false,
      "locked": {
        "lastModified": 1604675384,
        "narHash": "sha256-cEzT9RhE+voYgwY53xjNH5j88Uk+L/DmIDsFMN5plm8=",
        "owner": "tjdevries",
        "repo": "colorbuddy.nvim",
        "rev": "ee11ea2e0305de55f3a8ba9e9996ed72bbdc99e5",
        "type": "github"
      },
      "original": {
        "owner": "tjdevries",
        "repo": "colorbuddy.nvim",
        "type": "github"
      }
    },
    "nvimColorizerLua": {
      "flake": false,
      "locked": {
        "lastModified": 1591879145,
        "narHash": "sha256-6YrnItxExL2C8pNIdLd+hXCjsB2MbZANwWkah6dreD8=",
        "owner": "norcalli",
        "repo": "nvim-colorizer.lua",
        "rev": "36c610a9717cc9ec426a07c8e6bf3b3abcb139d6",
        "type": "github"
      },
      "original": {
        "owner": "norcalli",
        "repo": "nvim-colorizer.lua",
        "type": "github"
      }
    },
    "nvimCompletionNvim": {
      "flake": false,
      "locked": {
        "lastModified": 1610692390,
        "narHash": "sha256-f0RjItHBURHYev5m2VJA7Twq0CjHGbdp+UtCx8xHNzY=",
        "owner": "nvim-lua",
        "repo": "completion-nvim",
        "rev": "fc9b2fd2d47bea6a8954de1b1b19f2330545b354",
        "type": "github"
      },
      "original": {
        "owner": "nvim-lua",
        "repo": "completion-nvim",
        "type": "github"
      }
    },
    "nvimLspExtensions": {
      "flake": false,
      "locked": {
        "lastModified": 1613579170,
        "narHash": "sha256-YKNsz+fE5Pw7lj7EB23Lng1CsE0w0bxlDDrg9brqy78=",
        "owner": "nvim-lua",
        "repo": "lsp_extensions.nvim",
        "rev": "ce5d03822fda9ddbdeb2461e5b4c06c1641fe7ea",
        "type": "github"
      },
      "original": {
        "owner": "nvim-lua",
        "repo": "lsp_extensions.nvim",
        "type": "github"
      }
    },
    "nvimMonochrome": {
      "flake": false,
      "locked": {
        "lastModified": 1557300497,
        "narHash": "sha256-PLfZ9cMYsnFBl8tp8LW0QoeoJC1KbyE9OnFuXZrIFDc=",
        "owner": "fxn",
        "repo": "vim-monochrome",
        "rev": "34abe27b75e41aa9387bd4c4352340d3636248af",
        "type": "github"
      },
      "original": {
        "owner": "fxn",
        "repo": "vim-monochrome",
        "type": "github"
      }
    },
    "nvimPhoton": {
      "flake": false,
      "locked": {
        "lastModified": 1608838203,
        "narHash": "sha256-xlqSzavIZRBqnHl1g3rwgrw7Lr0piiaEQWLbe/vQw6M=",
        "owner": "axvr",
        "repo": "photon.vim",
        "rev": "f7c3b58e798d0a449a41c2095d8b30558aae4cf1",
        "type": "github"
      },
      "original": {
        "owner": "axvr",
        "repo": "photon.vim",
        "type": "github"
      }
    },
    "nvimPlenary": {
      "flake": false,
      "locked": {
        "lastModified": 1613796521,
        "narHash": "sha256-ZHSqFZd2OIpCBtsfdMrE/fM5oHS5Y9fktn9+Q4oV9a8=",
        "owner": "nvim-lua",
        "repo": "plenary.nvim",
        "rev": "e718de9e4e4cc18e28cf052e683782c242eb3dc5",
        "type": "github"
      },
      "original": {
        "owner": "nvim-lua",
        "repo": "plenary.nvim",
        "type": "github"
      }
    },
    "nvimPopup": {
      "flake": false,
      "locked": {
        "lastModified": 1607786917,
        "narHash": "sha256-n0htGwrYWro5SUP+A45J2O+mwLyXAWULvZMoFoOubFc=",
        "owner": "nvim-lua",
        "repo": "popup.nvim",
        "rev": "6f8f4cf35278956de1095b0d10701c6b579a2a57",
        "type": "github"
      },
      "original": {
        "owner": "nvim-lua",
        "repo": "popup.nvim",
        "type": "github"
      }
    },
    "nvimTelescope": {
      "flake": false,
      "locked": {
        "lastModified": 1613165487,
        "narHash": "sha256-ZTQhgGbojP8cGC98mrkpBBpuViNWD/oBHZL8eJxkGiE=",
        "owner": "nvim-telescope",
        "repo": "telescope.nvim",
        "rev": "1c5e42a6a5a6d29be8fbf8dcefb0d8da535eac9a",
        "type": "github"
      },
      "original": {
        "owner": "nvim-telescope",
        "repo": "telescope.nvim",
        "type": "github"
      }
    },
    "nvimTreesitter": {
      "flake": false,
      "locked": {
        "lastModified": 1613935526,
        "narHash": "sha256-T9Enh4anzZW7zlPKkwb/JpYvmInY/2G/cP76ERxk7FY=",
        "owner": "nvim-treesitter",
        "repo": "nvim-treesitter",
        "rev": "079dafa36efa5499e2e6dc5ddf89f7f0385fa356",
        "type": "github"
      },
      "original": {
        "owner": "nvim-treesitter",
        "repo": "nvim-treesitter",
        "type": "github"
      }
    },
    "nvimTreesitterTextobjects": {
      "flake": false,
      "locked": {
        "lastModified": 1613345481,
        "narHash": "sha256-lgYl3Y8eqtlDIvxAKlnRMctLfKtNIzm/TQV/b+CiI+U=",
        "owner": "nvim-treesitter",
        "repo": "nvim-treesitter-textobjects",
        "rev": "b0f6d2c91b46faecee8b44f426de4b40d8ec8494",
        "type": "github"
      },
      "original": {
        "owner": "nvim-treesitter",
        "repo": "nvim-treesitter-textobjects",
        "type": "github"
      }
    },
    "nvimVimColorsPencil": {
      "flake": false,
      "locked": {
        "lastModified": 1604913726,
        "narHash": "sha256-9klBx0KetKHRy6okrCsqhCXii0avLH5byJH+9jzk0TQ=",
        "owner": "reedes",
        "repo": "vim-colors-pencil",
        "rev": "fcbdca1d8218c7c4002084cfe3b2e4abc7ebdc35",
        "type": "github"
      },
      "original": {
        "owner": "reedes",
        "repo": "vim-colors-pencil",
        "type": "github"
      }
    },
    "nvimVimLoclistFollow": {
      "flake": false,
      "locked": {
        "lastModified": 1589131637,
        "narHash": "sha256-xRi+ewG/fZlfUI8TRfbASlrdEOok8bUYeyt/zHEnH8k=",
        "owner": "elbeardmorez",
        "repo": "vim-loclist-follow",
        "rev": "18ae8ab3c1946c08db4771c2f77b36e71e4571d3",
        "type": "github"
      },
      "original": {
        "owner": "elbeardmorez",
        "repo": "vim-loclist-follow",
        "type": "github"
      }
    },
    "nvimVistaVim": {
      "flake": false,
      "locked": {
        "lastModified": 1613572177,
        "narHash": "sha256-cpBZfpv8L6oYbF38Dogd18fv67nW/PN+/QxWU/3YRK8=",
        "owner": "liuchengxu",
        "repo": "vista.vim",
        "rev": "30bf0bdaf33d942d35a0e767cf2387ced755d0e0",
        "type": "github"
      },
      "original": {
        "owner": "liuchengxu",
        "repo": "vista.vim",
        "type": "github"
      }
    },
    "root": {
      "inputs": {
        "awesomeFreedesktop": "awesomeFreedesktop",
        "awesomeLain": "awesomeLain",
        "awesomeSharedtags": "awesomeSharedtags",
        "nixpkgs": "nixpkgs",
        "nvimColorbuddyNvim": "nvimColorbuddyNvim",
        "nvimColorizerLua": "nvimColorizerLua",
        "nvimCompletionNvim": "nvimCompletionNvim",
        "nvimLspExtensions": "nvimLspExtensions",
        "nvimMonochrome": "nvimMonochrome",
        "nvimPhoton": "nvimPhoton",
        "nvimPlenary": "nvimPlenary",
        "nvimPopup": "nvimPopup",
        "nvimTelescope": "nvimTelescope",
        "nvimTreesitter": "nvimTreesitter",
        "nvimTreesitterTextobjects": "nvimTreesitterTextobjects",
        "nvimVimColorsPencil": "nvimVimColorsPencil",
        "nvimVimLoclistFollow": "nvimVimLoclistFollow",
        "nvimVistaVim": "nvimVistaVim"
      }
    }
  },
  "root": "root",
  "version": 7
}
