{
  "nodes": {
    "nixpkgs": {
      "locked": {
        "lastModified": 1605498195,
        "narHash": "sha256-5hgj7tXdYw2B4GuOgv9A7rmx5KWEDMouuSX04JoW+wY=",
        "owner": "NixOS",
        "repo": "nixpkgs",
        "rev": "300846f3c982ffc3e54775fa99b4ec01d56adf65",
        "type": "github"
      },
      "original": {
        "id": "nixpkgs",
        "type": "indirect"
      }
    },
    "nvimCompletionNvim": {
      "flake": false,
      "locked": {
        "lastModified": 1603436229,
        "narHash": "sha256-TGvUk0LzGGc7FNha+wiHzBwBBvWWGpJqhLe6RUeoje4=",
        "owner": "nvim-lua",
        "repo": "completion-nvim",
        "rev": "3b6774ed1c1b4720efe3385f06883483f5e16884",
        "type": "github"
      },
      "original": {
        "owner": "nvim-lua",
        "repo": "completion-nvim",
        "type": "github"
      }
    },
    "nvimMonochrome": {
      "flake": false,
      "locked": {
        "lastModified": 1557300497,
        "narHash": "sha256-PLfZ9cMYsnFBl8tp8LW0QoeoJC1KbyE9OnFuXZrIFDc=",
        "owner": "fxn",
        "repo": "vim-monochrome",
        "rev": "34abe27b75e41aa9387bd4c4352340d3636248af",
        "type": "github"
      },
      "original": {
        "owner": "fxn",
        "repo": "vim-monochrome",
        "type": "github"
      }
    },
    "nvimPlenary": {
      "flake": false,
      "locked": {
        "lastModified": 1604697745,
        "narHash": "sha256-2NQ7mOVUMMQsUbjjCq5H4Ppb5rcuGlcStU6CfBgKh4o=",
        "owner": "nvim-lua",
        "repo": "plenary.nvim",
        "rev": "e2a73c8e238f0e8d70fe4c20f7120660ccecf6e7",
        "type": "github"
      },
      "original": {
        "owner": "nvim-lua",
        "repo": "plenary.nvim",
        "type": "github"
      }
    },
    "nvimPopup": {
      "flake": false,
      "locked": {
        "lastModified": 1602175087,
        "narHash": "sha256-46zUfWOpD/1Vef5L5BRvPA7CEzMUk26SaJuHfC41vss=",
        "owner": "nvim-lua",
        "repo": "popup.nvim",
        "rev": "8f128cc7b2a1d759ce343ef92ea311526c6bbe13",
        "type": "github"
      },
      "original": {
        "owner": "nvim-lua",
        "repo": "popup.nvim",
        "type": "github"
      }
    },
    "nvimTelescope": {
      "flake": false,
      "locked": {
        "lastModified": 1605473656,
        "narHash": "sha256-u41Y+QTNExNc9hHs40OMHCCI7/2bojjBrKENuTDWYz0=",
        "owner": "nvim-telescope",
        "repo": "telescope.nvim",
        "rev": "ad7280e0b99ecd9f78ac6c70b4e5b49ed5e632f8",
        "type": "github"
      },
      "original": {
        "owner": "nvim-telescope",
        "repo": "telescope.nvim",
        "type": "github"
      }
    },
    "nvimTreesitter": {
      "flake": false,
      "locked": {
        "lastModified": 1605432445,
        "narHash": "sha256-MTlgeJH0p4LnOZ1LiW3mOXLw+rWBXcWHbQlkLPJH6NM=",
        "owner": "nvim-treesitter",
        "repo": "nvim-treesitter",
        "rev": "1058c11f4686529a5a3f02897597977bc67725c8",
        "type": "github"
      },
      "original": {
        "owner": "nvim-treesitter",
        "repo": "nvim-treesitter",
        "type": "github"
      }
    },
    "nvimTreesitterTextobjects": {
      "flake": false,
      "locked": {
        "lastModified": 1604565371,
        "narHash": "sha256-q6d03lTHi766IdTbge+PcDkWlK90pBPcok+Y2gva8EU=",
        "owner": "nvim-treesitter",
        "repo": "nvim-treesitter-textobjects",
        "rev": "2b4d0f3cce49c025146a020aea7ed069efd57bc1",
        "type": "github"
      },
      "original": {
        "owner": "nvim-treesitter",
        "repo": "nvim-treesitter-textobjects",
        "type": "github"
      }
    },
    "root": {
      "inputs": {
        "nixpkgs": "nixpkgs",
        "nvimCompletionNvim": "nvimCompletionNvim",
        "nvimMonochrome": "nvimMonochrome",
        "nvimPlenary": "nvimPlenary",
        "nvimPopup": "nvimPopup",
        "nvimTelescope": "nvimTelescope",
        "nvimTreesitter": "nvimTreesitter",
        "nvimTreesitterTextobjects": "nvimTreesitterTextobjects"
      }
    }
  },
  "root": "root",
  "version": 7
}
